
Microsoft Visual Studio Solution File, Format Version 12.00
# Visual Studio Version 16
VisualStudioVersion = 16.0.31112.23
MinimumVisualStudioVersion = 10.0.40219.1
Project("{FAE04EC0-301F-11D3-BF4B-00C04F79EFBC}") = "ProducerConsumerOpgave", "ProducerConsumerOpgave\ProducerConsumerOpgave.csproj", "{69B74344-75AB-4043-B484-2036B873659A}"
EndProject
Global
	GlobalSection(SolutionConfigurationPlatforms) = preSolution
		Debug|Any CPU = Debug|Any CPU
		Release|Any CPU = Release|Any CPU
	EndGlobalSection
	GlobalSection(ProjectConfigurationPlatforms) = postSolution
		{69B74344-75AB-4043-B484-2036B873659A}.Debug|Any CPU.ActiveCfg = Debug|Any CPU
		{69B74344-75AB-4043-B484-2036B873659A}.Debug|Any CPU.Build.0 = Debug|Any CPU
		{69B74344-75AB-4043-B484-2036B873659A}.Release|Any CPU.ActiveCfg = Release|Any CPU
		{69B74344-75AB-4043-B484-2036B873659A}.Release|Any CPU.Build.0 = Release|Any CPU
	EndGlobalSection
	GlobalSection(SolutionProperties) = preSolution
		HideSolutionNode = FALSE
	EndGlobalSection
	GlobalSection(ExtensibilityGlobals) = postSolution
		SolutionGuid = {974B30B1-615D-4A4E-9BE4-2CE3CB6D0150}
	EndGlobalSection
EndGlobal
